
Microsoft Visual Studio Solution File, Format Version 12.00
# Visual Studio Version 16
VisualStudioVersion = 16.0.32106.194
MinimumVisualStudioVersion = 10.0.40219.1
Project("{2150E333-8FDC-42A3-9474-1A3956D46DE8}") = "Domain", "Domain", "{A6191C0A-0564-44C3-92A2-07BC268AC828}"
EndProject
Project("{FAE04EC0-301F-11D3-BF4B-00C04F79EFBC}") = "UOM.Domain", "UOM.Domain\UOM.Domain.csproj", "{A6AA75A8-A5F3-482C-8AF3-6EDDB917779C}"
EndProject
Project("{FAE04EC0-301F-11D3-BF4B-00C04F79EFBC}") = "UOM.Domain.Tests.Unit", "UOM.Domain.Tests.Unit\UOM.Domain.Tests.Unit.csproj", "{92731A3E-3430-4B44-8E41-2865656E8A56}"
EndProject
Project("{2150E333-8FDC-42A3-9474-1A3956D46DE8}") = "UnitOfMeasure", "UnitOfMeasure", "{0F0ED173-D2C6-4461-8686-F854D72AA702}"
EndProject
Project("{2150E333-8FDC-42A3-9474-1A3956D46DE8}") = "Framework", "Framework", "{1F1E64C5-4A1F-4E44-A576-8C59F6015225}"
EndProject
Project("{FAE04EC0-301F-11D3-BF4B-00C04F79EFBC}") = "Framework.Domain", "Framework.Domain\Framework.Domain.csproj", "{80323DAD-2D29-4E5B-9F84-CC1883657969}"
EndProject
Project("{2150E333-8FDC-42A3-9474-1A3956D46DE8}") = "Application", "Application", "{582E3D77-CB2F-4D5A-B76C-30D727821AC5}"
EndProject
Project("{FAE04EC0-301F-11D3-BF4B-00C04F79EFBC}") = "UOM.Application", "UOM.Application\UOM.Application.csproj", "{0ED05636-9C82-4D92-8130-83E8477D52C1}"
EndProject
Project("{FAE04EC0-301F-11D3-BF4B-00C04F79EFBC}") = "UOM.Application.Tests.Unit", "UOM.Application.Tests.Unit\UOM.Application.Tests.Unit.csproj", "{FFEB012E-85B2-49DC-86F2-076575B47AB7}"
EndProject
Project("{FAE04EC0-301F-11D3-BF4B-00C04F79EFBC}") = "UOM.Tests.Acceptance", "UOM.Tests.Acceptance\UOM.Tests.Acceptance.csproj", "{6BE857C9-3802-4CA3-B6EB-961F4E4DC5DA}"
EndProject
Project("{2150E333-8FDC-42A3-9474-1A3956D46DE8}") = "Interface", "Interface", "{809346AB-3326-4FEF-A528-DC74A3871608}"
EndProject
Project("{FAE04EC0-301F-11D3-BF4B-00C04F79EFBC}") = "UOM.Interface.RestApi", "UOM.Interface.RestApi\UOM.Interface.RestApi.csproj", "{0A3974A6-17BE-46DC-A923-DAEF902A7A7E}"
EndProject
Project("{FAE04EC0-301F-11D3-BF4B-00C04F79EFBC}") = "UOM.Application.Contracts", "UOM.Application.Contracts\UOM.Application.Contracts.csproj", "{6277C973-C95C-41C0-AD6E-825845A72CC4}"
EndProject
Project("{2150E333-8FDC-42A3-9474-1A3956D46DE8}") = "Tests", "Tests", "{53DFB14D-CB1E-40ED-8F8C-3D68C8BA7106}"
EndProject
Project("{FAE04EC0-301F-11D3-BF4B-00C04F79EFBC}") = "ServiceHost", "ServiceHost\ServiceHost.csproj", "{BA2163D5-3029-4356-AE4C-D29EB38A3C5A}"
EndProject
Project("{FAE04EC0-301F-11D3-BF4B-00C04F79EFBC}") = "UOM.Config.Castle", "UOM.Config.Castle\UOM.Config.Castle.csproj", "{679A01B2-330E-4A8C-9DD3-65D7DC5FE207}"
EndProject
Project("{2150E333-8FDC-42A3-9474-1A3956D46DE8}") = "ProductManagement", "ProductManagement", "{3637F471-86C5-4B2E-9546-45E4477A479E}"
EndProject
Project("{2150E333-8FDC-42A3-9474-1A3956D46DE8}") = "Infrastructure", "Infrastructure", "{5CCCA150-82EF-4856-B04A-9189BDAA8AF4}"
EndProject
Project("{FAE04EC0-301F-11D3-BF4B-00C04F79EFBC}") = "UOM.Persistence.NH", "UOM.Domain.Persistence.NH\UOM.Persistence.NH.csproj", "{A59E898B-6B6C-45E4-91DC-F20E77E65EF3}"
EndProject
Project("{FAE04EC0-301F-11D3-BF4B-00C04F79EFBC}") = "Frameowork.NH", "Frameowork.NH\Frameowork.NH.csproj", "{52EB3F21-6840-4FF0-AC52-C9323B4EF046}"
EndProject
Project("{FAE04EC0-301F-11D3-BF4B-00C04F79EFBC}") = "UOM.DatabaseMigrations", "UOM.DatabaseMigrations\UOM.DatabaseMigrations.csproj", "{0BCD0C4E-584C-418A-98FB-F3530B7C995F}"
EndProject
Project("{FAE04EC0-301F-11D3-BF4B-00C04F79EFBC}") = "Frameowork.Application", "Frameowork.Application\Frameowork.Application.csproj", "{FD2C7F10-E40F-4966-A0CC-59FBAA7A5F14}"
EndProject
Project("{FAE04EC0-301F-11D3-BF4B-00C04F79EFBC}") = "Frameowork.Core", "Frameowork.Core\Frameowork.Core.csproj", "{D8E86AF9-B64E-4F81-A5A9-13D81B990A19}"
EndProject
Project("{FAE04EC0-301F-11D3-BF4B-00C04F79EFBC}") = "Framework.CastleWindsor", "Framework.CastleWindsor\Framework.CastleWindsor.csproj", "{54BED5EE-CE9D-489E-A9EB-D93014AC198B}"
EndProject
Project("{FAE04EC0-301F-11D3-BF4B-00C04F79EFBC}") = "Framework.ConfigCastle", "Framework.ConfigCastle\Framework.ConfigCastle.csproj", "{55A09E77-0FFF-4281-86F9-CADC469AA6F8}"
EndProject
Project("{FAE04EC0-301F-11D3-BF4B-00C04F79EFBC}") = "ProductManagement.Domain", "ProductManagement.Domain\ProductManagement.Domain.csproj", "{59EF6D3A-DC4E-4D23-9452-A7695CD2C3F4}"
EndProject
Project("{FAE04EC0-301F-11D3-BF4B-00C04F79EFBC}") = "UOM.Query.Model", "UOM.Query.Model\UOM.Query.Model.csproj", "{56FBE27C-2348-444F-8B74-B76A6A3CF9E6}"
EndProject
Project("{FAE04EC0-301F-11D3-BF4B-00C04F79EFBC}") = "UOM.Domain.Contracts", "UOM.Domain.Contracts\UOM.Domain.Contracts.csproj", "{E770AD93-079E-4D96-A527-C4B8DE3955BB}"
EndProject
Project("{2150E333-8FDC-42A3-9474-1A3956D46DE8}") = "Domain", "Domain", "{E0457042-8C2E-44B1-B12E-7D6B77933235}"
EndProject
Project("{FAE04EC0-301F-11D3-BF4B-00C04F79EFBC}") = "ProductManagement.Domain.Tests.Unit", "ProductManagement.Domain.Tests.Unit\ProductManagement.Domain.Tests.Unit.csproj", "{4BE93813-1625-4BF6-9E9E-B8920CD84C00}"
EndProject
Project("{2150E333-8FDC-42A3-9474-1A3956D46DE8}") = "Application", "Application", "{FAF38B0C-6387-43A5-BA5F-A9A8FDB95AE3}"
EndProject
Project("{FAE04EC0-301F-11D3-BF4B-00C04F79EFBC}") = "ProductManagement.Application", "ProductManagement.Application\ProductManagement.Application.csproj", "{774A1E87-59F3-4D0D-9730-758213B4E547}"
EndProject
Project("{FAE04EC0-301F-11D3-BF4B-00C04F79EFBC}") = "ProductManagement.Application.Contracts", "ProductManagement.Application.Contracts\ProductManagement.Application.Contracts.csproj", "{E90DF43F-2816-4DDE-AD39-4554DFEF461A}"
EndProject
Project("{2150E333-8FDC-42A3-9474-1A3956D46DE8}") = "Interface", "Interface", "{29FDCFDE-5F3F-4C03-B5DB-30A0A8FDE684}"
EndProject
Project("{FAE04EC0-301F-11D3-BF4B-00C04F79EFBC}") = "ProductManagement.Interface.RestApi", "ProductManagement.Interface.RestApi\ProductManagement.Interface.RestApi.csproj", "{670B6628-1DC3-48EE-8B33-CCB12B56C53A}"
EndProject
Project("{2150E333-8FDC-42A3-9474-1A3956D46DE8}") = "Tests", "Tests", "{86D4CB14-CF72-41DA-B8EB-D45EBBBFEFDB}"
EndProject
Project("{FAE04EC0-301F-11D3-BF4B-00C04F79EFBC}") = "ProductManagement.Tests.Acceptance", "ProductManagement.Tests.Acceptance\ProductManagement.Tests.Acceptance.csproj", "{3C0547CC-DF5A-4941-9DD4-6867C68B2149}"
EndProject
Global
	GlobalSection(SolutionConfigurationPlatforms) = preSolution
		Debug|Any CPU = Debug|Any CPU
		Release|Any CPU = Release|Any CPU
	EndGlobalSection
	GlobalSection(ProjectConfigurationPlatforms) = postSolution
		{A6AA75A8-A5F3-482C-8AF3-6EDDB917779C}.Debug|Any CPU.ActiveCfg = Debug|Any CPU
		{A6AA75A8-A5F3-482C-8AF3-6EDDB917779C}.Debug|Any CPU.Build.0 = Debug|Any CPU
		{A6AA75A8-A5F3-482C-8AF3-6EDDB917779C}.Release|Any CPU.ActiveCfg = Release|Any CPU
		{A6AA75A8-A5F3-482C-8AF3-6EDDB917779C}.Release|Any CPU.Build.0 = Release|Any CPU
		{92731A3E-3430-4B44-8E41-2865656E8A56}.Debug|Any CPU.ActiveCfg = Debug|Any CPU
		{92731A3E-3430-4B44-8E41-2865656E8A56}.Debug|Any CPU.Build.0 = Debug|Any CPU
		{92731A3E-3430-4B44-8E41-2865656E8A56}.Release|Any CPU.ActiveCfg = Release|Any CPU
		{92731A3E-3430-4B44-8E41-2865656E8A56}.Release|Any CPU.Build.0 = Release|Any CPU
		{80323DAD-2D29-4E5B-9F84-CC1883657969}.Debug|Any CPU.ActiveCfg = Debug|Any CPU
		{80323DAD-2D29-4E5B-9F84-CC1883657969}.Debug|Any CPU.Build.0 = Debug|Any CPU
		{80323DAD-2D29-4E5B-9F84-CC1883657969}.Release|Any CPU.ActiveCfg = Release|Any CPU
		{80323DAD-2D29-4E5B-9F84-CC1883657969}.Release|Any CPU.Build.0 = Release|Any CPU
		{0ED05636-9C82-4D92-8130-83E8477D52C1}.Debug|Any CPU.ActiveCfg = Debug|Any CPU
		{0ED05636-9C82-4D92-8130-83E8477D52C1}.Debug|Any CPU.Build.0 = Debug|Any CPU
		{0ED05636-9C82-4D92-8130-83E8477D52C1}.Release|Any CPU.ActiveCfg = Release|Any CPU
		{0ED05636-9C82-4D92-8130-83E8477D52C1}.Release|Any CPU.Build.0 = Release|Any CPU
		{FFEB012E-85B2-49DC-86F2-076575B47AB7}.Debug|Any CPU.ActiveCfg = Debug|Any CPU
		{FFEB012E-85B2-49DC-86F2-076575B47AB7}.Debug|Any CPU.Build.0 = Debug|Any CPU
		{FFEB012E-85B2-49DC-86F2-076575B47AB7}.Release|Any CPU.ActiveCfg = Release|Any CPU
		{FFEB012E-85B2-49DC-86F2-076575B47AB7}.Release|Any CPU.Build.0 = Release|Any CPU
		{6BE857C9-3802-4CA3-B6EB-961F4E4DC5DA}.Debug|Any CPU.ActiveCfg = Debug|Any CPU
		{6BE857C9-3802-4CA3-B6EB-961F4E4DC5DA}.Debug|Any CPU.Build.0 = Debug|Any CPU
		{6BE857C9-3802-4CA3-B6EB-961F4E4DC5DA}.Release|Any CPU.ActiveCfg = Release|Any CPU
		{6BE857C9-3802-4CA3-B6EB-961F4E4DC5DA}.Release|Any CPU.Build.0 = Release|Any CPU
		{0A3974A6-17BE-46DC-A923-DAEF902A7A7E}.Debug|Any CPU.ActiveCfg = Debug|Any CPU
		{0A3974A6-17BE-46DC-A923-DAEF902A7A7E}.Debug|Any CPU.Build.0 = Debug|Any CPU
		{0A3974A6-17BE-46DC-A923-DAEF902A7A7E}.Release|Any CPU.ActiveCfg = Release|Any CPU
		{0A3974A6-17BE-46DC-A923-DAEF902A7A7E}.Release|Any CPU.Build.0 = Release|Any CPU
		{6277C973-C95C-41C0-AD6E-825845A72CC4}.Debug|Any CPU.ActiveCfg = Debug|Any CPU
		{6277C973-C95C-41C0-AD6E-825845A72CC4}.Debug|Any CPU.Build.0 = Debug|Any CPU
		{6277C973-C95C-41C0-AD6E-825845A72CC4}.Release|Any CPU.ActiveCfg = Release|Any CPU
		{6277C973-C95C-41C0-AD6E-825845A72CC4}.Release|Any CPU.Build.0 = Release|Any CPU
		{BA2163D5-3029-4356-AE4C-D29EB38A3C5A}.Debug|Any CPU.ActiveCfg = Debug|Any CPU
		{BA2163D5-3029-4356-AE4C-D29EB38A3C5A}.Debug|Any CPU.Build.0 = Debug|Any CPU
		{BA2163D5-3029-4356-AE4C-D29EB38A3C5A}.Release|Any CPU.ActiveCfg = Release|Any CPU
		{BA2163D5-3029-4356-AE4C-D29EB38A3C5A}.Release|Any CPU.Build.0 = Release|Any CPU
		{679A01B2-330E-4A8C-9DD3-65D7DC5FE207}.Debug|Any CPU.ActiveCfg = Debug|Any CPU
		{679A01B2-330E-4A8C-9DD3-65D7DC5FE207}.Debug|Any CPU.Build.0 = Debug|Any CPU
		{679A01B2-330E-4A8C-9DD3-65D7DC5FE207}.Release|Any CPU.ActiveCfg = Release|Any CPU
		{679A01B2-330E-4A8C-9DD3-65D7DC5FE207}.Release|Any CPU.Build.0 = Release|Any CPU
		{A59E898B-6B6C-45E4-91DC-F20E77E65EF3}.Debug|Any CPU.ActiveCfg = Debug|Any CPU
		{A59E898B-6B6C-45E4-91DC-F20E77E65EF3}.Debug|Any CPU.Build.0 = Debug|Any CPU
		{A59E898B-6B6C-45E4-91DC-F20E77E65EF3}.Release|Any CPU.ActiveCfg = Release|Any CPU
		{A59E898B-6B6C-45E4-91DC-F20E77E65EF3}.Release|Any CPU.Build.0 = Release|Any CPU
		{52EB3F21-6840-4FF0-AC52-C9323B4EF046}.Debug|Any CPU.ActiveCfg = Debug|Any CPU
		{52EB3F21-6840-4FF0-AC52-C9323B4EF046}.Debug|Any CPU.Build.0 = Debug|Any CPU
		{52EB3F21-6840-4FF0-AC52-C9323B4EF046}.Release|Any CPU.ActiveCfg = Release|Any CPU
		{52EB3F21-6840-4FF0-AC52-C9323B4EF046}.Release|Any CPU.Build.0 = Release|Any CPU
		{0BCD0C4E-584C-418A-98FB-F3530B7C995F}.Debug|Any CPU.ActiveCfg = Debug|Any CPU
		{0BCD0C4E-584C-418A-98FB-F3530B7C995F}.Debug|Any CPU.Build.0 = Debug|Any CPU
		{0BCD0C4E-584C-418A-98FB-F3530B7C995F}.Release|Any CPU.ActiveCfg = Release|Any CPU
		{0BCD0C4E-584C-418A-98FB-F3530B7C995F}.Release|Any CPU.Build.0 = Release|Any CPU
		{FD2C7F10-E40F-4966-A0CC-59FBAA7A5F14}.Debug|Any CPU.ActiveCfg = Debug|Any CPU
		{FD2C7F10-E40F-4966-A0CC-59FBAA7A5F14}.Debug|Any CPU.Build.0 = Debug|Any CPU
		{FD2C7F10-E40F-4966-A0CC-59FBAA7A5F14}.Release|Any CPU.ActiveCfg = Release|Any CPU
		{FD2C7F10-E40F-4966-A0CC-59FBAA7A5F14}.Release|Any CPU.Build.0 = Release|Any CPU
		{D8E86AF9-B64E-4F81-A5A9-13D81B990A19}.Debug|Any CPU.ActiveCfg = Debug|Any CPU
		{D8E86AF9-B64E-4F81-A5A9-13D81B990A19}.Debug|Any CPU.Build.0 = Debug|Any CPU
		{D8E86AF9-B64E-4F81-A5A9-13D81B990A19}.Release|Any CPU.ActiveCfg = Release|Any CPU
		{D8E86AF9-B64E-4F81-A5A9-13D81B990A19}.Release|Any CPU.Build.0 = Release|Any CPU
		{54BED5EE-CE9D-489E-A9EB-D93014AC198B}.Debug|Any CPU.ActiveCfg = Debug|Any CPU
		{54BED5EE-CE9D-489E-A9EB-D93014AC198B}.Debug|Any CPU.Build.0 = Debug|Any CPU
		{54BED5EE-CE9D-489E-A9EB-D93014AC198B}.Release|Any CPU.ActiveCfg = Release|Any CPU
		{54BED5EE-CE9D-489E-A9EB-D93014AC198B}.Release|Any CPU.Build.0 = Release|Any CPU
		{55A09E77-0FFF-4281-86F9-CADC469AA6F8}.Debug|Any CPU.ActiveCfg = Debug|Any CPU
		{55A09E77-0FFF-4281-86F9-CADC469AA6F8}.Debug|Any CPU.Build.0 = Debug|Any CPU
		{55A09E77-0FFF-4281-86F9-CADC469AA6F8}.Release|Any CPU.ActiveCfg = Release|Any CPU
		{55A09E77-0FFF-4281-86F9-CADC469AA6F8}.Release|Any CPU.Build.0 = Release|Any CPU
		{59EF6D3A-DC4E-4D23-9452-A7695CD2C3F4}.Debug|Any CPU.ActiveCfg = Debug|Any CPU
		{59EF6D3A-DC4E-4D23-9452-A7695CD2C3F4}.Debug|Any CPU.Build.0 = Debug|Any CPU
		{59EF6D3A-DC4E-4D23-9452-A7695CD2C3F4}.Release|Any CPU.ActiveCfg = Release|Any CPU
		{59EF6D3A-DC4E-4D23-9452-A7695CD2C3F4}.Release|Any CPU.Build.0 = Release|Any CPU
		{56FBE27C-2348-444F-8B74-B76A6A3CF9E6}.Debug|Any CPU.ActiveCfg = Debug|Any CPU
		{56FBE27C-2348-444F-8B74-B76A6A3CF9E6}.Debug|Any CPU.Build.0 = Debug|Any CPU
		{56FBE27C-2348-444F-8B74-B76A6A3CF9E6}.Release|Any CPU.ActiveCfg = Release|Any CPU
		{56FBE27C-2348-444F-8B74-B76A6A3CF9E6}.Release|Any CPU.Build.0 = Release|Any CPU
		{E770AD93-079E-4D96-A527-C4B8DE3955BB}.Debug|Any CPU.ActiveCfg = Debug|Any CPU
		{E770AD93-079E-4D96-A527-C4B8DE3955BB}.Debug|Any CPU.Build.0 = Debug|Any CPU
		{E770AD93-079E-4D96-A527-C4B8DE3955BB}.Release|Any CPU.ActiveCfg = Release|Any CPU
		{E770AD93-079E-4D96-A527-C4B8DE3955BB}.Release|Any CPU.Build.0 = Release|Any CPU
		{4BE93813-1625-4BF6-9E9E-B8920CD84C00}.Debug|Any CPU.ActiveCfg = Debug|Any CPU
		{4BE93813-1625-4BF6-9E9E-B8920CD84C00}.Debug|Any CPU.Build.0 = Debug|Any CPU
		{4BE93813-1625-4BF6-9E9E-B8920CD84C00}.Release|Any CPU.ActiveCfg = Release|Any CPU
		{4BE93813-1625-4BF6-9E9E-B8920CD84C00}.Release|Any CPU.Build.0 = Release|Any CPU
		{774A1E87-59F3-4D0D-9730-758213B4E547}.Debug|Any CPU.ActiveCfg = Debug|Any CPU
		{774A1E87-59F3-4D0D-9730-758213B4E547}.Debug|Any CPU.Build.0 = Debug|Any CPU
		{774A1E87-59F3-4D0D-9730-758213B4E547}.Release|Any CPU.ActiveCfg = Release|Any CPU
		{774A1E87-59F3-4D0D-9730-758213B4E547}.Release|Any CPU.Build.0 = Release|Any CPU
		{E90DF43F-2816-4DDE-AD39-4554DFEF461A}.Debug|Any CPU.ActiveCfg = Debug|Any CPU
		{E90DF43F-2816-4DDE-AD39-4554DFEF461A}.Debug|Any CPU.Build.0 = Debug|Any CPU
		{E90DF43F-2816-4DDE-AD39-4554DFEF461A}.Release|Any CPU.ActiveCfg = Release|Any CPU
		{E90DF43F-2816-4DDE-AD39-4554DFEF461A}.Release|Any CPU.Build.0 = Release|Any CPU
		{670B6628-1DC3-48EE-8B33-CCB12B56C53A}.Debug|Any CPU.ActiveCfg = Debug|Any CPU
		{670B6628-1DC3-48EE-8B33-CCB12B56C53A}.Debug|Any CPU.Build.0 = Debug|Any CPU
		{670B6628-1DC3-48EE-8B33-CCB12B56C53A}.Release|Any CPU.ActiveCfg = Release|Any CPU
		{670B6628-1DC3-48EE-8B33-CCB12B56C53A}.Release|Any CPU.Build.0 = Release|Any CPU
		{3C0547CC-DF5A-4941-9DD4-6867C68B2149}.Debug|Any CPU.ActiveCfg = Debug|Any CPU
		{3C0547CC-DF5A-4941-9DD4-6867C68B2149}.Debug|Any CPU.Build.0 = Debug|Any CPU
		{3C0547CC-DF5A-4941-9DD4-6867C68B2149}.Release|Any CPU.ActiveCfg = Release|Any CPU
		{3C0547CC-DF5A-4941-9DD4-6867C68B2149}.Release|Any CPU.Build.0 = Release|Any CPU
	EndGlobalSection
	GlobalSection(SolutionProperties) = preSolution
		HideSolutionNode = FALSE
	EndGlobalSection
	GlobalSection(NestedProjects) = preSolution
		{A6191C0A-0564-44C3-92A2-07BC268AC828} = {0F0ED173-D2C6-4461-8686-F854D72AA702}
		{A6AA75A8-A5F3-482C-8AF3-6EDDB917779C} = {A6191C0A-0564-44C3-92A2-07BC268AC828}
		{92731A3E-3430-4B44-8E41-2865656E8A56} = {A6191C0A-0564-44C3-92A2-07BC268AC828}
		{80323DAD-2D29-4E5B-9F84-CC1883657969} = {1F1E64C5-4A1F-4E44-A576-8C59F6015225}
		{582E3D77-CB2F-4D5A-B76C-30D727821AC5} = {0F0ED173-D2C6-4461-8686-F854D72AA702}
		{0ED05636-9C82-4D92-8130-83E8477D52C1} = {582E3D77-CB2F-4D5A-B76C-30D727821AC5}
		{FFEB012E-85B2-49DC-86F2-076575B47AB7} = {582E3D77-CB2F-4D5A-B76C-30D727821AC5}
		{6BE857C9-3802-4CA3-B6EB-961F4E4DC5DA} = {53DFB14D-CB1E-40ED-8F8C-3D68C8BA7106}
		{809346AB-3326-4FEF-A528-DC74A3871608} = {0F0ED173-D2C6-4461-8686-F854D72AA702}
		{0A3974A6-17BE-46DC-A923-DAEF902A7A7E} = {809346AB-3326-4FEF-A528-DC74A3871608}
		{6277C973-C95C-41C0-AD6E-825845A72CC4} = {582E3D77-CB2F-4D5A-B76C-30D727821AC5}
		{53DFB14D-CB1E-40ED-8F8C-3D68C8BA7106} = {0F0ED173-D2C6-4461-8686-F854D72AA702}
		{679A01B2-330E-4A8C-9DD3-65D7DC5FE207} = {0F0ED173-D2C6-4461-8686-F854D72AA702}
		{5CCCA150-82EF-4856-B04A-9189BDAA8AF4} = {0F0ED173-D2C6-4461-8686-F854D72AA702}
		{A59E898B-6B6C-45E4-91DC-F20E77E65EF3} = {5CCCA150-82EF-4856-B04A-9189BDAA8AF4}
		{52EB3F21-6840-4FF0-AC52-C9323B4EF046} = {1F1E64C5-4A1F-4E44-A576-8C59F6015225}
		{0BCD0C4E-584C-418A-98FB-F3530B7C995F} = {5CCCA150-82EF-4856-B04A-9189BDAA8AF4}
		{FD2C7F10-E40F-4966-A0CC-59FBAA7A5F14} = {1F1E64C5-4A1F-4E44-A576-8C59F6015225}
		{D8E86AF9-B64E-4F81-A5A9-13D81B990A19} = {1F1E64C5-4A1F-4E44-A576-8C59F6015225}
		{54BED5EE-CE9D-489E-A9EB-D93014AC198B} = {1F1E64C5-4A1F-4E44-A576-8C59F6015225}
		{55A09E77-0FFF-4281-86F9-CADC469AA6F8} = {1F1E64C5-4A1F-4E44-A576-8C59F6015225}
		{59EF6D3A-DC4E-4D23-9452-A7695CD2C3F4} = {E0457042-8C2E-44B1-B12E-7D6B77933235}
		{56FBE27C-2348-444F-8B74-B76A6A3CF9E6} = {5CCCA150-82EF-4856-B04A-9189BDAA8AF4}
		{E770AD93-079E-4D96-A527-C4B8DE3955BB} = {A6191C0A-0564-44C3-92A2-07BC268AC828}
		{E0457042-8C2E-44B1-B12E-7D6B77933235} = {3637F471-86C5-4B2E-9546-45E4477A479E}
		{4BE93813-1625-4BF6-9E9E-B8920CD84C00} = {E0457042-8C2E-44B1-B12E-7D6B77933235}
		{FAF38B0C-6387-43A5-BA5F-A9A8FDB95AE3} = {3637F471-86C5-4B2E-9546-45E4477A479E}
		{774A1E87-59F3-4D0D-9730-758213B4E547} = {FAF38B0C-6387-43A5-BA5F-A9A8FDB95AE3}
		{E90DF43F-2816-4DDE-AD39-4554DFEF461A} = {FAF38B0C-6387-43A5-BA5F-A9A8FDB95AE3}
		{29FDCFDE-5F3F-4C03-B5DB-30A0A8FDE684} = {3637F471-86C5-4B2E-9546-45E4477A479E}
		{670B6628-1DC3-48EE-8B33-CCB12B56C53A} = {29FDCFDE-5F3F-4C03-B5DB-30A0A8FDE684}
		{86D4CB14-CF72-41DA-B8EB-D45EBBBFEFDB} = {3637F471-86C5-4B2E-9546-45E4477A479E}
		{3C0547CC-DF5A-4941-9DD4-6867C68B2149} = {86D4CB14-CF72-41DA-B8EB-D45EBBBFEFDB}
	EndGlobalSection
	GlobalSection(ExtensibilityGlobals) = postSolution
		SolutionGuid = {B66EA127-D8A3-4A1F-B0C2-D0EB7FF8EFFC}
	EndGlobalSection
EndGlobal
